// !$*UTF8*$!
{
	archiveVersion = 1;
	classes = {
	};
	objectVersion = 55;
	objects = {

/* Begin PBXBuildFile section */
		7A959411283772CE00BB9885 /* Extensions.swift in Sources */ = {isa = PBXBuildFile; fileRef = 7A959410283772CE00BB9885 /* Extensions.swift */; };
		7AA6251E2836D91A00E8D72B /* APIRequestExampleApp.swift in Sources */ = {isa = PBXBuildFile; fileRef = 7AA6251D2836D91A00E8D72B /* APIRequestExampleApp.swift */; };
		7AA625202836D91A00E8D72B /* ContentView.swift in Sources */ = {isa = PBXBuildFile; fileRef = 7AA6251F2836D91A00E8D72B /* ContentView.swift */; };
		7AA625222836D91B00E8D72B /* Assets.xcassets in Resources */ = {isa = PBXBuildFile; fileRef = 7AA625212836D91B00E8D72B /* Assets.xcassets */; };
		7AA625252836D91B00E8D72B /* Preview Assets.xcassets in Resources */ = {isa = PBXBuildFile; fileRef = 7AA625242836D91B00E8D72B /* Preview Assets.xcassets */; };
		7AA6252C2836D92E00E8D72B /* ViewModel.swift in Sources */ = {isa = PBXBuildFile; fileRef = 7AA6252B2836D92E00E8D72B /* ViewModel.swift */; };
		7AA6252E2836D97D00E8D72B /* ApiManager.swift in Sources */ = {isa = PBXBuildFile; fileRef = 7AA6252D2836D97D00E8D72B /* ApiManager.swift */; };
		7AA625302836D98E00E8D72B /* Model.swift in Sources */ = {isa = PBXBuildFile; fileRef = 7AA6252F2836D98E00E8D72B /* Model.swift */; };
		7AA625322836DC3700E8D72B /* ItemView.swift in Sources */ = {isa = PBXBuildFile; fileRef = 7AA625312836DC3700E8D72B /* ItemView.swift */; };
		7AA625342836E47A00E8D72B /* quotes.json in Resources */ = {isa = PBXBuildFile; fileRef = 7AA625332836E47A00E8D72B /* quotes.json */; };
/* End PBXBuildFile section */

/* Begin PBXFileReference section */
		7A959410283772CE00BB9885 /* Extensions.swift */ = {isa = PBXFileReference; lastKnownFileType = sourcecode.swift; path = Extensions.swift; sourceTree = "<group>"; };
		7AA6251A2836D91A00E8D72B /* APIRequestExample.app */ = {isa = PBXFileReference; explicitFileType = wrapper.application; includeInIndex = 0; path = APIRequestExample.app; sourceTree = BUILT_PRODUCTS_DIR; };
		7AA6251D2836D91A00E8D72B /* APIRequestExampleApp.swift */ = {isa = PBXFileReference; lastKnownFileType = sourcecode.swift; path = APIRequestExampleApp.swift; sourceTree = "<group>"; };
		7AA6251F2836D91A00E8D72B /* ContentView.swift */ = {isa = PBXFileReference; lastKnownFileType = sourcecode.swift; path = ContentView.swift; sourceTree = "<group>"; };
		7AA625212836D91B00E8D72B /* Assets.xcassets */ = {isa = PBXFileReference; lastKnownFileType = folder.assetcatalog; path = Assets.xcassets; sourceTree = "<group>"; };
		7AA625242836D91B00E8D72B /* Preview Assets.xcassets */ = {isa = PBXFileReference; lastKnownFileType = folder.assetcatalog; path = "Preview Assets.xcassets"; sourceTree = "<group>"; };
		7AA6252B2836D92E00E8D72B /* ViewModel.swift */ = {isa = PBXFileReference; lastKnownFileType = sourcecode.swift; path = ViewModel.swift; sourceTree = "<group>"; };
		7AA6252D2836D97D00E8D72B /* ApiManager.swift */ = {isa = PBXFileReference; lastKnownFileType = sourcecode.swift; path = ApiManager.swift; sourceTree = "<group>"; };
		7AA6252F2836D98E00E8D72B /* Model.swift */ = {isa = PBXFileReference; lastKnownFileType = sourcecode.swift; path = Model.swift; sourceTree = "<group>"; };
		7AA625312836DC3700E8D72B /* ItemView.swift */ = {isa = PBXFileReference; lastKnownFileType = sourcecode.swift; path = ItemView.swift; sourceTree = "<group>"; };
		7AA625332836E47A00E8D72B /* quotes.json */ = {isa = PBXFileReference; lastKnownFileType = text.json; path = quotes.json; sourceTree = "<group>"; };
/* End PBXFileReference section */

/* Begin PBXFrameworksBuildPhase section */
		7AA625172836D91A00E8D72B /* Frameworks */ = {
			isa = PBXFrameworksBuildPhase;
			buildActionMask = 2147483647;
			files = (
			);
			runOnlyForDeploymentPostprocessing = 0;
		};
/* End PBXFrameworksBuildPhase section */

/* Begin PBXGroup section */
		7AA625112836D91A00E8D72B = {
			isa = PBXGroup;
			children = (
				7AA6251C2836D91A00E8D72B /* APIRequestExample */,
				7AA6251B2836D91A00E8D72B /* Products */,
			);
			sourceTree = "<group>";
		};
		7AA6251B2836D91A00E8D72B /* Products */ = {
			isa = PBXGroup;
			children = (
				7AA6251A2836D91A00E8D72B /* APIRequestExample.app */,
			);
			name = Products;
			sourceTree = "<group>";
		};
		7AA6251C2836D91A00E8D72B /* APIRequestExample */ = {
			isa = PBXGroup;
			children = (
				7AA6251D2836D91A00E8D72B /* APIRequestExampleApp.swift */,
				7AA6252D2836D97D00E8D72B /* ApiManager.swift */,
				7A959410283772CE00BB9885 /* Extensions.swift */,
				7AA6251F2836D91A00E8D72B /* ContentView.swift */,
				7AA625312836DC3700E8D72B /* ItemView.swift */,
				7AA6252B2836D92E00E8D72B /* ViewModel.swift */,
				7AA6252F2836D98E00E8D72B /* Model.swift */,
				7AA625332836E47A00E8D72B /* quotes.json */,
				7AA625212836D91B00E8D72B /* Assets.xcassets */,
				7AA625232836D91B00E8D72B /* Preview Content */,
			);
			path = APIRequestExample;
			sourceTree = "<group>";
		};
		7AA625232836D91B00E8D72B /* Preview Content */ = {
			isa = PBXGroup;
			children = (
				7AA625242836D91B00E8D72B /* Preview Assets.xcassets */,
			);
			path = "Preview Content";
			sourceTree = "<group>";
		};
/* End PBXGroup section */

/* Begin PBXNativeTarget section */
		7AA625192836D91A00E8D72B /* APIRequestExample */ = {
			isa = PBXNativeTarget;
			buildConfigurationList = 7AA625282836D91B00E8D72B /* Build configuration list for PBXNativeTarget "APIRequestExample" */;
			buildPhases = (
				7AA625162836D91A00E8D72B /* Sources */,
				7AA625172836D91A00E8D72B /* Frameworks */,
				7AA625182836D91A00E8D72B /* Resources */,
			);
			buildRules = (
			);
			dependencies = (
			);
			name = APIRequestExample;
			productName = APIRequestExample;
			productReference = 7AA6251A2836D91A00E8D72B /* APIRequestExample.app */;
			productType = "com.apple.product-type.application";
		};
/* End PBXNativeTarget section */

/* Begin PBXProject section */
		7AA625122836D91A00E8D72B /* Project object */ = {
			isa = PBXProject;
			attributes = {
				BuildIndependentTargetsInParallel = 1;
				LastSwiftUpdateCheck = 1340;
				LastUpgradeCheck = 1340;
				TargetAttributes = {
					7AA625192836D91A00E8D72B = {
						CreatedOnToolsVersion = 13.4;
					};
				};
			};
			buildConfigurationList = 7AA625152836D91A00E8D72B /* Build configuration list for PBXProject "APIRequestExample" */;
			compatibilityVersion = "Xcode 13.0";
			developmentRegion = en;
			hasScannedForEncodings = 0;
			knownRegions = (
				en,
				Base,
			);
			mainGroup = 7AA625112836D91A00E8D72B;
			productRefGroup = 7AA6251B2836D91A00E8D72B /* Products */;
			projectDirPath = "";
			projectRoot = "";
			targets = (
				7AA625192836D91A00E8D72B /* APIRequestExample */,
			);
		};
/* End PBXProject section */

/* Begin PBXResourcesBuildPhase section */
		7AA625182836D91A00E8D72B /* Resources */ = {
			isa = PBXResourcesBuildPhase;
			buildActionMask = 2147483647;
			files = (
				7AA625252836D91B00E8D72B /* Preview Assets.xcassets in Resources */,
				7AA625222836D91B00E8D72B /* Assets.xcassets in Resources */,
				7AA625342836E47A00E8D72B /* quotes.json in Resources */,
			);
			runOnlyForDeploymentPostprocessing = 0;
		};
/* End PBXResourcesBuildPhase section */

/* Begin PBXSourcesBuildPhase section */
		7AA625162836D91A00E8D72B /* Sources */ = {
			isa = PBXSourcesBuildPhase;
			buildActionMask = 2147483647;
			files = (
				7AA625302836D98E00E8D72B /* Model.swift in Sources */,
				7AA625322836DC3700E8D72B /* ItemView.swift in Sources */,
				7AA6252E2836D97D00E8D72B /* ApiManager.swift in Sources */,
				7AA625202836D91A00E8D72B /* ContentView.swift in Sources */,
				7AA6252C2836D92E00E8D72B /* ViewModel.swift in Sources */,
				7AA6251E2836D91A00E8D72B /* APIRequestExampleApp.swift in Sources */,
				7A959411283772CE00BB9885 /* Extensions.swift in Sources */,
			);
			runOnlyForDeploymentPostprocessing = 0;
		};
/* End PBXSourcesBuildPhase section */

/* Begin XCBuildConfiguration section */
		7AA625262836D91B00E8D72B /* Debug */ = {
			isa = XCBuildConfiguration;
			buildSettings = {
				ALWAYS_SEARCH_USER_PATHS = NO;
				CLANG_ANALYZER_NONNULL = YES;
				CLANG_ANALYZER_NUMBER_OBJECT_CONVERSION = YES_AGGRESSIVE;
				CLANG_CXX_LANGUAGE_STANDARD = "gnu++17";
				CLANG_ENABLE_MODULES = YES;
				CLANG_ENABLE_OBJC_ARC = YES;
				CLANG_ENABLE_OBJC_WEAK = YES;
				CLANG_WARN_BLOCK_CAPTURE_AUTORELEASING = YES;
				CLANG_WARN_BOOL_CONVERSION = YES;
				CLANG_WARN_COMMA = YES;
				CLANG_WARN_CONSTANT_CONVERSION = YES;
				CLANG_WARN_DEPRECATED_OBJC_IMPLEMENTATIONS = YES;
				CLANG_WARN_DIRECT_OBJC_ISA_USAGE = YES_ERROR;
				CLANG_WARN_DOCUMENTATION_COMMENTS = YES;
				CLANG_WARN_EMPTY_BODY = YES;
				CLANG_WARN_ENUM_CONVERSION = YES;
				CLANG_WARN_INFINITE_RECURSION = YES;
				CLANG_WARN_INT_CONVERSION = YES;
				CLANG_WARN_NON_LITERAL_NULL_CONVERSION = YES;
				CLANG_WARN_OBJC_IMPLICIT_RETAIN_SELF = YES;
				CLANG_WARN_OBJC_LITERAL_CONVERSION = YES;
				CLANG_WARN_OBJC_ROOT_CLASS = YES_ERROR;
				CLANG_WARN_QUOTED_INCLUDE_IN_FRAMEWORK_HEADER = YES;
				CLANG_WARN_RANGE_LOOP_ANALYSIS = YES;
				CLANG_WARN_STRICT_PROTOTYPES = YES;
				CLANG_WARN_SUSPICIOUS_MOVE = YES;
				CLANG_WARN_UNGUARDED_AVAILABILITY = YES_AGGRESSIVE;
				CLANG_WARN_UNREACHABLE_CODE = YES;
				CLANG_WARN__DUPLICATE_METHOD_MATCH = YES;
				COPY_PHASE_STRIP = NO;
				DEBUG_INFORMATION_FORMAT = dwarf;
				ENABLE_STRICT_OBJC_MSGSEND = YES;
				ENABLE_TESTABILITY = YES;
				GCC_C_LANGUAGE_STANDARD = gnu11;
				GCC_DYNAMIC_NO_PIC = NO;
				GCC_NO_COMMON_BLOCKS = YES;
				GCC_OPTIMIZATION_LEVEL = 0;
				GCC_PREPROCESSOR_DEFINITIONS = (
					"DEBUG=1",
					"$(inherited)",
				);
				GCC_WARN_64_TO_32_BIT_CONVERSION = YES;
				GCC_WARN_ABOUT_RETURN_TYPE = YES_ERROR;
				GCC_WARN_UNDECLARED_SELECTOR = YES;
				GCC_WARN_UNINITIALIZED_AUTOS = YES_AGGRESSIVE;
				GCC_WARN_UNUSED_FUNCTION = YES;
				GCC_WARN_UNUSED_VARIABLE = YES;
				IPHONEOS_DEPLOYMENT_TARGET = 15.5;
				MTL_ENABLE_DEBUG_INFO = INCLUDE_SOURCE;
				MTL_FAST_MATH = YES;
				ONLY_ACTIVE_ARCH = YES;
				SDKROOT = iphoneos;
				SWIFT_ACTIVE_COMPILATION_CONDITIONS = DEBUG;
				SWIFT_OPTIMIZATION_LEVEL = "-Onone";
			};
			name = Debug;
		};
		7AA625272836D91B00E8D72B /* Release */ = {
			isa = XCBuildConfiguration;
			buildSettings = {
				ALWAYS_SEARCH_USER_PATHS = NO;
				CLANG_ANALYZER_NONNULL = YES;
				CLANG_ANALYZER_NUMBER_OBJECT_CONVERSION = YES_AGGRESSIVE;
				CLANG_CXX_LANGUAGE_STANDARD = "gnu++17";
				CLANG_ENABLE_MODULES = YES;
				CLANG_ENABLE_OBJC_ARC = YES;
				CLANG_ENABLE_OBJC_WEAK = YES;
				CLANG_WARN_BLOCK_CAPTURE_AUTORELEASING = YES;
				CLANG_WARN_BOOL_CONVERSION = YES;
				CLANG_WARN_COMMA = YES;
				CLANG_WARN_CONSTANT_CONVERSION = YES;
				CLANG_WARN_DEPRECATED_OBJC_IMPLEMENTATIONS = YES;
				CLANG_WARN_DIRECT_OBJC_ISA_USAGE = YES_ERROR;
				CLANG_WARN_DOCUMENTATION_COMMENTS = YES;
				CLANG_WARN_EMPTY_BODY = YES;
				CLANG_WARN_ENUM_CONVERSION = YES;
				CLANG_WARN_INFINITE_RECURSION = YES;
				CLANG_WARN_INT_CONVERSION = YES;
				CLANG_WARN_NON_LITERAL_NULL_CONVERSION = YES;
				CLANG_WARN_OBJC_IMPLICIT_RETAIN_SELF = YES;
				CLANG_WARN_OBJC_LITERAL_CONVERSION = YES;
				CLANG_WARN_OBJC_ROOT_CLASS = YES_ERROR;
				CLANG_WARN_QUOTED_INCLUDE_IN_FRAMEWORK_HEADER = YES;
				CLANG_WARN_RANGE_LOOP_ANALYSIS = YES;
				CLANG_WARN_STRICT_PROTOTYPES = YES;
				CLANG_WARN_SUSPICIOUS_MOVE = YES;
				CLANG_WARN_UNGUARDED_AVAILABILITY = YES_AGGRESSIVE;
				CLANG_WARN_UNREACHABLE_CODE = YES;
				CLANG_WARN__DUPLICATE_METHOD_MATCH = YES;
				COPY_PHASE_STRIP = NO;
				DEBUG_INFORMATION_FORMAT = "dwarf-with-dsym";
				ENABLE_NS_ASSERTIONS = NO;
				ENABLE_STRICT_OBJC_MSGSEND = YES;
				GCC_C_LANGUAGE_STANDARD = gnu11;
				GCC_NO_COMMON_BLOCKS = YES;
				GCC_WARN_64_TO_32_BIT_CONVERSION = YES;
				GCC_WARN_ABOUT_RETURN_TYPE = YES_ERROR;
				GCC_WARN_UNDECLARED_SELECTOR = YES;
				GCC_WARN_UNINITIALIZED_AUTOS = YES_AGGRESSIVE;
				GCC_WARN_UNUSED_FUNCTION = YES;
				GCC_WARN_UNUSED_VARIABLE = YES;
				IPHONEOS_DEPLOYMENT_TARGET = 15.5;
				MTL_ENABLE_DEBUG_INFO = NO;
				MTL_FAST_MATH = YES;
				SDKROOT = iphoneos;
				SWIFT_COMPILATION_MODE = wholemodule;
				SWIFT_OPTIMIZATION_LEVEL = "-O";
				VALIDATE_PRODUCT = YES;
			};
			name = Release;
		};
		7AA625292836D91B00E8D72B /* Debug */ = {
			isa = XCBuildConfiguration;
			buildSettings = {
				ASSETCATALOG_COMPILER_APPICON_NAME = AppIcon;
				ASSETCATALOG_COMPILER_GLOBAL_ACCENT_COLOR_NAME = AccentColor;
				CODE_SIGN_STYLE = Automatic;
				CURRENT_PROJECT_VERSION = 1;
				DEVELOPMENT_ASSET_PATHS = "\"APIRequestExample/Preview Content\"";
				ENABLE_PREVIEWS = YES;
				GENERATE_INFOPLIST_FILE = YES;
				INFOPLIST_KEY_UIApplicationSceneManifest_Generation = YES;
				INFOPLIST_KEY_UIApplicationSupportsIndirectInputEvents = YES;
				INFOPLIST_KEY_UILaunchScreen_Generation = YES;
				INFOPLIST_KEY_UISupportedInterfaceOrientations_iPad = "UIInterfaceOrientationPortrait UIInterfaceOrientationPortraitUpsideDown UIInterfaceOrientationLandscapeLeft UIInterfaceOrientationLandscapeRight";
				INFOPLIST_KEY_UISupportedInterfaceOrientations_iPhone = "UIInterfaceOrientationPortrait UIInterfaceOrientationLandscapeLeft UIInterfaceOrientationLandscapeRight";
				LD_RUNPATH_SEARCH_PATHS = (
					"$(inherited)",
					"@executable_path/Frameworks",
				);
				MARKETING_VERSION = 1.0;
				PRODUCT_BUNDLE_IDENTIFIER = com.codepalace.APIRequestExample;
				PRODUCT_NAME = "$(TARGET_NAME)";
				SWIFT_EMIT_LOC_STRINGS = YES;
				SWIFT_VERSION = 5.0;
				TARGETED_DEVICE_FAMILY = "1,2";
			};
			name = Debug;
		};
		7AA6252A2836D91B00E8D72B /* Release */ = {
			isa = XCBuildConfiguration;
			buildSettings = {
				ASSETCATALOG_COMPILER_APPICON_NAME = AppIcon;
				ASSETCATALOG_COMPILER_GLOBAL_ACCENT_COLOR_NAME = AccentColor;
				CODE_SIGN_STYLE = Automatic;
				CURRENT_PROJECT_VERSION = 1;
				DEVELOPMENT_ASSET_PATHS = "\"APIRequestExample/Preview Content\"";
				ENABLE_PREVIEWS = YES;
				GENERATE_INFOPLIST_FILE = YES;
				INFOPLIST_KEY_UIApplicationSceneManifest_Generation = YES;
				INFOPLIST_KEY_UIApplicationSupportsIndirectInputEvents = YES;
				INFOPLIST_KEY_UILaunchScreen_Generation = YES;
				INFOPLIST_KEY_UISupportedInterfaceOrientations_iPad = "UIInterfaceOrientationPortrait UIInterfaceOrientationPortraitUpsideDown UIInterfaceOrientationLandscapeLeft UIInterfaceOrientationLandscapeRight";
				INFOPLIST_KEY_UISupportedInterfaceOrientations_iPhone = "UIInterfaceOrientationPortrait UIInterfaceOrientationLandscapeLeft UIInterfaceOrientationLandscapeRight";
				LD_RUNPATH_SEARCH_PATHS = (
					"$(inherited)",
					"@executable_path/Frameworks",
				);
				MARKETING_VERSION = 1.0;
				PRODUCT_BUNDLE_IDENTIFIER = com.codepalace.APIRequestExample;
				PRODUCT_NAME = "$(TARGET_NAME)";
				SWIFT_EMIT_LOC_STRINGS = YES;
				SWIFT_VERSION = 5.0;
				TARGETED_DEVICE_FAMILY = "1,2";
			};
			name = Release;
		};
/* End XCBuildConfiguration section */

/* Begin XCConfigurationList section */
		7AA625152836D91A00E8D72B /* Build configuration list for PBXProject "APIRequestExample" */ = {
			isa = XCConfigurationList;
			buildConfigurations = (
				7AA625262836D91B00E8D72B /* Debug */,
				7AA625272836D91B00E8D72B /* Release */,
			);
			defaultConfigurationIsVisible = 0;
			defaultConfigurationName = Release;
		};
		7AA625282836D91B00E8D72B /* Build configuration list for PBXNativeTarget "APIRequestExample" */ = {
			isa = XCConfigurationList;
			buildConfigurations = (
				7AA625292836D91B00E8D72B /* Debug */,
				7AA6252A2836D91B00E8D72B /* Release */,
			);
			defaultConfigurationIsVisible = 0;
			defaultConfigurationName = Release;
		};
/* End XCConfigurationList section */
	};
	rootObject = 7AA625122836D91A00E8D72B /* Project object */;
}
